
Microsoft Visual Studio Solution File, Format Version 12.00
# Visual Studio Version 17
VisualStudioVersion = 17.5.33516.290
MinimumVisualStudioVersion = 10.0.40219.1
Project("{FAE04EC0-301F-11D3-BF4B-00C04F79EFBC}") = "WEbViewTest.Android", "WEbViewTest\WEbViewTest.Android\WEbViewTest.Android.csproj", "{D3450D2C-2424-4AE4-8A27-41855A398F3C}"
EndProject
Project("{FAE04EC0-301F-11D3-BF4B-00C04F79EFBC}") = "WEbViewTest.iOS", "WEbViewTest\WEbViewTest.iOS\WEbViewTest.iOS.csproj", "{C59F94CA-E681-47E5-A04A-415050A2170E}"
EndProject
Project("{FAE04EC0-301F-11D3-BF4B-00C04F79EFBC}") = "WEbViewTest", "WEbViewTest\WEbViewTest\WEbViewTest.csproj", "{28B06DC3-7DE7-483C-9CFD-58B855CB2B77}"
EndProject
Global
	GlobalSection(SolutionConfigurationPlatforms) = preSolution
		Debug|Any CPU = Debug|Any CPU
		Debug|iPhone = Debug|iPhone
		Debug|iPhoneSimulator = Debug|iPhoneSimulator
		Release|Any CPU = Release|Any CPU
		Release|iPhone = Release|iPhone
		Release|iPhoneSimulator = Release|iPhoneSimulator
	EndGlobalSection
	GlobalSection(ProjectConfigurationPlatforms) = postSolution
		{D3450D2C-2424-4AE4-8A27-41855A398F3C}.Debug|Any CPU.ActiveCfg = Debug|Any CPU
		{D3450D2C-2424-4AE4-8A27-41855A398F3C}.Debug|Any CPU.Build.0 = Debug|Any CPU
		{D3450D2C-2424-4AE4-8A27-41855A398F3C}.Debug|Any CPU.Deploy.0 = Debug|Any CPU
		{D3450D2C-2424-4AE4-8A27-41855A398F3C}.Debug|iPhone.ActiveCfg = Debug|Any CPU
		{D3450D2C-2424-4AE4-8A27-41855A398F3C}.Debug|iPhone.Build.0 = Debug|Any CPU
		{D3450D2C-2424-4AE4-8A27-41855A398F3C}.Debug|iPhone.Deploy.0 = Debug|Any CPU
		{D3450D2C-2424-4AE4-8A27-41855A398F3C}.Debug|iPhoneSimulator.ActiveCfg = Debug|Any CPU
		{D3450D2C-2424-4AE4-8A27-41855A398F3C}.Debug|iPhoneSimulator.Build.0 = Debug|Any CPU
		{D3450D2C-2424-4AE4-8A27-41855A398F3C}.Debug|iPhoneSimulator.Deploy.0 = Debug|Any CPU
		{D3450D2C-2424-4AE4-8A27-41855A398F3C}.Release|Any CPU.ActiveCfg = Release|Any CPU
		{D3450D2C-2424-4AE4-8A27-41855A398F3C}.Release|Any CPU.Build.0 = Release|Any CPU
		{D3450D2C-2424-4AE4-8A27-41855A398F3C}.Release|Any CPU.Deploy.0 = Release|Any CPU
		{D3450D2C-2424-4AE4-8A27-41855A398F3C}.Release|iPhone.ActiveCfg = Release|Any CPU
		{D3450D2C-2424-4AE4-8A27-41855A398F3C}.Release|iPhone.Build.0 = Release|Any CPU
		{D3450D2C-2424-4AE4-8A27-41855A398F3C}.Release|iPhone.Deploy.0 = Release|Any CPU
		{D3450D2C-2424-4AE4-8A27-41855A398F3C}.Release|iPhoneSimulator.ActiveCfg = Release|Any CPU
		{D3450D2C-2424-4AE4-8A27-41855A398F3C}.Release|iPhoneSimulator.Build.0 = Release|Any CPU
		{D3450D2C-2424-4AE4-8A27-41855A398F3C}.Release|iPhoneSimulator.Deploy.0 = Release|Any CPU
		{C59F94CA-E681-47E5-A04A-415050A2170E}.Debug|Any CPU.ActiveCfg = Debug|iPhone
		{C59F94CA-E681-47E5-A04A-415050A2170E}.Debug|Any CPU.Build.0 = Debug|iPhone
		{C59F94CA-E681-47E5-A04A-415050A2170E}.Debug|Any CPU.Deploy.0 = Debug|iPhone
		{C59F94CA-E681-47E5-A04A-415050A2170E}.Debug|iPhone.ActiveCfg = Debug|iPhone
		{C59F94CA-E681-47E5-A04A-415050A2170E}.Debug|iPhone.Build.0 = Debug|iPhone
		{C59F94CA-E681-47E5-A04A-415050A2170E}.Debug|iPhone.Deploy.0 = Debug|iPhone
		{C59F94CA-E681-47E5-A04A-415050A2170E}.Debug|iPhoneSimulator.ActiveCfg = Debug|iPhoneSimulator
		{C59F94CA-E681-47E5-A04A-415050A2170E}.Debug|iPhoneSimulator.Build.0 = Debug|iPhoneSimulator
		{C59F94CA-E681-47E5-A04A-415050A2170E}.Debug|iPhoneSimulator.Deploy.0 = Debug|iPhoneSimulator
		{C59F94CA-E681-47E5-A04A-415050A2170E}.Release|Any CPU.ActiveCfg = Release|iPhoneSimulator
		{C59F94CA-E681-47E5-A04A-415050A2170E}.Release|Any CPU.Build.0 = Release|iPhoneSimulator
		{C59F94CA-E681-47E5-A04A-415050A2170E}.Release|Any CPU.Deploy.0 = Release|iPhoneSimulator
		{C59F94CA-E681-47E5-A04A-415050A2170E}.Release|iPhone.ActiveCfg = Release|iPhone
		{C59F94CA-E681-47E5-A04A-415050A2170E}.Release|iPhone.Build.0 = Release|iPhone
		{C59F94CA-E681-47E5-A04A-415050A2170E}.Release|iPhone.Deploy.0 = Release|iPhone
		{C59F94CA-E681-47E5-A04A-415050A2170E}.Release|iPhoneSimulator.ActiveCfg = Release|iPhoneSimulator
		{C59F94CA-E681-47E5-A04A-415050A2170E}.Release|iPhoneSimulator.Build.0 = Release|iPhoneSimulator
		{C59F94CA-E681-47E5-A04A-415050A2170E}.Release|iPhoneSimulator.Deploy.0 = Release|iPhoneSimulator
		{28B06DC3-7DE7-483C-9CFD-58B855CB2B77}.Debug|Any CPU.ActiveCfg = Debug|Any CPU
		{28B06DC3-7DE7-483C-9CFD-58B855CB2B77}.Debug|Any CPU.Build.0 = Debug|Any CPU
		{28B06DC3-7DE7-483C-9CFD-58B855CB2B77}.Debug|Any CPU.Deploy.0 = Debug|Any CPU
		{28B06DC3-7DE7-483C-9CFD-58B855CB2B77}.Debug|iPhone.ActiveCfg = Debug|Any CPU
		{28B06DC3-7DE7-483C-9CFD-58B855CB2B77}.Debug|iPhone.Build.0 = Debug|Any CPU
		{28B06DC3-7DE7-483C-9CFD-58B855CB2B77}.Debug|iPhone.Deploy.0 = Debug|Any CPU
		{28B06DC3-7DE7-483C-9CFD-58B855CB2B77}.Debug|iPhoneSimulator.ActiveCfg = Debug|Any CPU
		{28B06DC3-7DE7-483C-9CFD-58B855CB2B77}.Debug|iPhoneSimulator.Build.0 = Debug|Any CPU
		{28B06DC3-7DE7-483C-9CFD-58B855CB2B77}.Debug|iPhoneSimulator.Deploy.0 = Debug|Any CPU
		{28B06DC3-7DE7-483C-9CFD-58B855CB2B77}.Release|Any CPU.ActiveCfg = Release|Any CPU
		{28B06DC3-7DE7-483C-9CFD-58B855CB2B77}.Release|Any CPU.Build.0 = Release|Any CPU
		{28B06DC3-7DE7-483C-9CFD-58B855CB2B77}.Release|Any CPU.Deploy.0 = Release|Any CPU
		{28B06DC3-7DE7-483C-9CFD-58B855CB2B77}.Release|iPhone.ActiveCfg = Release|Any CPU
		{28B06DC3-7DE7-483C-9CFD-58B855CB2B77}.Release|iPhone.Build.0 = Release|Any CPU
		{28B06DC3-7DE7-483C-9CFD-58B855CB2B77}.Release|iPhone.Deploy.0 = Release|Any CPU
		{28B06DC3-7DE7-483C-9CFD-58B855CB2B77}.Release|iPhoneSimulator.ActiveCfg = Release|Any CPU
		{28B06DC3-7DE7-483C-9CFD-58B855CB2B77}.Release|iPhoneSimulator.Build.0 = Release|Any CPU
		{28B06DC3-7DE7-483C-9CFD-58B855CB2B77}.Release|iPhoneSimulator.Deploy.0 = Release|Any CPU
	EndGlobalSection
	GlobalSection(SolutionProperties) = preSolution
		HideSolutionNode = FALSE
	EndGlobalSection
	GlobalSection(ExtensibilityGlobals) = postSolution
		SolutionGuid = {5914476F-838C-499D-BEF9-F3EE2A1242AB}
	EndGlobalSection
EndGlobal
